// !$*UTF8*$!
{
	archiveVersion = 1;
	classes = {
	};
	objectVersion = 55;
	objects = {

/* Begin PBXBuildFile section */
		66D9D1507DF36AF7750ED084 /* Pods_Spotify.framework in Frameworks */ = {isa = PBXBuildFile; fileRef = 4DA6A03CC9C2420CEF3860A3 /* Pods_Spotify.framework */; };
		88206BB628523327009DA602 /* SettingsModel.swift in Sources */ = {isa = PBXBuildFile; fileRef = 88206BB528523327009DA602 /* SettingsModel.swift */; };
		88266C6328500EE2001165B8 /* AuthRespones.swift in Sources */ = {isa = PBXBuildFile; fileRef = 88266C6228500EE2001165B8 /* AuthRespones.swift */; };
		88342AF728799A2F00BDB6CC /* NewReleasesCellViewModel.swift in Sources */ = {isa = PBXBuildFile; fileRef = 88342AF628799A2F00BDB6CC /* NewReleasesCellViewModel.swift */; };
		8842E042286287D2005A8047 /* NewReleaseCollectionViewCell.swift in Sources */ = {isa = PBXBuildFile; fileRef = 8842E041286287D2005A8047 /* NewReleaseCollectionViewCell.swift */; };
		8842E0442862880D005A8047 /* FeaturedPlaylistCollectionViewCell.swift in Sources */ = {isa = PBXBuildFile; fileRef = 8842E0432862880D005A8047 /* FeaturedPlaylistCollectionViewCell.swift */; };
		8842E04628628853005A8047 /* RecommendedTrackCollectionViewCell.swift in Sources */ = {isa = PBXBuildFile; fileRef = 8842E04528628853005A8047 /* RecommendedTrackCollectionViewCell.swift */; };
		88794C9B285541E0002F689B /* RecommendationsResponse.swift in Sources */ = {isa = PBXBuildFile; fileRef = 88794C9A285541E0002F689B /* RecommendationsResponse.swift */; };
		8881595B282B6E4500D8F145 /* TabBarViewController.swift in Sources */ = {isa = PBXBuildFile; fileRef = 8881595A282B6E4500D8F145 /* TabBarViewController.swift */; };
		8881595D282B6E6F00D8F145 /* SearchViewController.swift in Sources */ = {isa = PBXBuildFile; fileRef = 8881595C282B6E6F00D8F145 /* SearchViewController.swift */; };
		8881595F282B6E8800D8F145 /* LibraryViewController.swift in Sources */ = {isa = PBXBuildFile; fileRef = 8881595E282B6E8800D8F145 /* LibraryViewController.swift */; };
		88815963282B6F1700D8F145 /* AuthViewController.swift in Sources */ = {isa = PBXBuildFile; fileRef = 88815962282B6F1700D8F145 /* AuthViewController.swift */; };
		88815965282B737700D8F145 /* WelcomeViewController.swift in Sources */ = {isa = PBXBuildFile; fileRef = 88815964282B737700D8F145 /* WelcomeViewController.swift */; };
		88815967282B738C00D8F145 /* SettingsViewController.swift in Sources */ = {isa = PBXBuildFile; fileRef = 88815966282B738C00D8F145 /* SettingsViewController.swift */; };
		88815969282B739A00D8F145 /* ProfileViewController.swift in Sources */ = {isa = PBXBuildFile; fileRef = 88815968282B739A00D8F145 /* ProfileViewController.swift */; };
		8881596B282B73A700D8F145 /* PlayerViewController.swift in Sources */ = {isa = PBXBuildFile; fileRef = 8881596A282B73A700D8F145 /* PlayerViewController.swift */; };
		8881596D282B73B400D8F145 /* PlayListViewController.swift in Sources */ = {isa = PBXBuildFile; fileRef = 8881596C282B73B400D8F145 /* PlayListViewController.swift */; };
		8881596F282B73CC00D8F145 /* SearchResultViewController.swift in Sources */ = {isa = PBXBuildFile; fileRef = 8881596E282B73CC00D8F145 /* SearchResultViewController.swift */; };
		88815971282B73E300D8F145 /* AuthManager.swift in Sources */ = {isa = PBXBuildFile; fileRef = 88815970282B73E300D8F145 /* AuthManager.swift */; };
		88815973282B741300D8F145 /* APICaller.swift in Sources */ = {isa = PBXBuildFile; fileRef = 88815972282B741300D8F145 /* APICaller.swift */; };
		88815975282B742900D8F145 /* HapticsManager.swift in Sources */ = {isa = PBXBuildFile; fileRef = 88815974282B742900D8F145 /* HapticsManager.swift */; };
		88815977282B79E600D8F145 /* Playlist.swift in Sources */ = {isa = PBXBuildFile; fileRef = 88815976282B79E600D8F145 /* Playlist.swift */; };
		88815979282B79F500D8F145 /* AudioTrack.swift in Sources */ = {isa = PBXBuildFile; fileRef = 88815978282B79F500D8F145 /* AudioTrack.swift */; };
		8881597B282B7A0500D8F145 /* Artist.swift in Sources */ = {isa = PBXBuildFile; fileRef = 8881597A282B7A0500D8F145 /* Artist.swift */; };
		8881597D282B7A1200D8F145 /* UserProfile.swift in Sources */ = {isa = PBXBuildFile; fileRef = 8881597C282B7A1200D8F145 /* UserProfile.swift */; };
		8881597F282B8D2200D8F145 /* Extensions.swift in Sources */ = {isa = PBXBuildFile; fileRef = 8881597E282B8D2200D8F145 /* Extensions.swift */; };
		8891CAAA2853621A00DB9824 /* NewReleasesResponse.swift in Sources */ = {isa = PBXBuildFile; fileRef = 8891CAA92853621A00DB9824 /* NewReleasesResponse.swift */; };
		8891CAAC2853652600DB9824 /* APIImage.swift in Sources */ = {isa = PBXBuildFile; fileRef = 8891CAAB2853652600DB9824 /* APIImage.swift */; };
		8891CAAE28536BCB00DB9824 /* FeaturedPlaylistResponse.swift in Sources */ = {isa = PBXBuildFile; fileRef = 8891CAAD28536BCB00DB9824 /* FeaturedPlaylistResponse.swift */; };
		8891CAB0285376BE00DB9824 /* RecommendedGenresResponse.swift in Sources */ = {isa = PBXBuildFile; fileRef = 8891CAAF285376BE00DB9824 /* RecommendedGenresResponse.swift */; };
		88AA9D58282B696400705C04 /* AppDelegate.swift in Sources */ = {isa = PBXBuildFile; fileRef = 88AA9D57282B696400705C04 /* AppDelegate.swift */; };
		88AA9D5A282B696400705C04 /* SceneDelegate.swift in Sources */ = {isa = PBXBuildFile; fileRef = 88AA9D59282B696400705C04 /* SceneDelegate.swift */; };
		88AA9D5C282B696400705C04 /* HomeViewController.swift in Sources */ = {isa = PBXBuildFile; fileRef = 88AA9D5B282B696400705C04 /* HomeViewController.swift */; };
		88AA9D61282B696B00705C04 /* Assets.xcassets in Resources */ = {isa = PBXBuildFile; fileRef = 88AA9D60282B696B00705C04 /* Assets.xcassets */; };
		88AA9D64282B696B00705C04 /* LaunchScreen.storyboard in Resources */ = {isa = PBXBuildFile; fileRef = 88AA9D62282B696B00705C04 /* LaunchScreen.storyboard */; };
/* End PBXBuildFile section */

/* Begin PBXFileReference section */
		4DA6A03CC9C2420CEF3860A3 /* Pods_Spotify.framework */ = {isa = PBXFileReference; explicitFileType = wrapper.framework; includeInIndex = 0; path = Pods_Spotify.framework; sourceTree = BUILT_PRODUCTS_DIR; };
		88206BB528523327009DA602 /* SettingsModel.swift */ = {isa = PBXFileReference; lastKnownFileType = sourcecode.swift; path = SettingsModel.swift; sourceTree = "<group>"; };
		88266C6228500EE2001165B8 /* AuthRespones.swift */ = {isa = PBXFileReference; lastKnownFileType = sourcecode.swift; path = AuthRespones.swift; sourceTree = "<group>"; };
		88342AF628799A2F00BDB6CC /* NewReleasesCellViewModel.swift */ = {isa = PBXFileReference; lastKnownFileType = sourcecode.swift; path = NewReleasesCellViewModel.swift; sourceTree = "<group>"; };
		8842E041286287D2005A8047 /* NewReleaseCollectionViewCell.swift */ = {isa = PBXFileReference; lastKnownFileType = sourcecode.swift; path = NewReleaseCollectionViewCell.swift; sourceTree = "<group>"; };
		8842E0432862880D005A8047 /* FeaturedPlaylistCollectionViewCell.swift */ = {isa = PBXFileReference; lastKnownFileType = sourcecode.swift; path = FeaturedPlaylistCollectionViewCell.swift; sourceTree = "<group>"; };
		8842E04528628853005A8047 /* RecommendedTrackCollectionViewCell.swift */ = {isa = PBXFileReference; lastKnownFileType = sourcecode.swift; path = RecommendedTrackCollectionViewCell.swift; sourceTree = "<group>"; };
		88794C9A285541E0002F689B /* RecommendationsResponse.swift */ = {isa = PBXFileReference; lastKnownFileType = sourcecode.swift; path = RecommendationsResponse.swift; sourceTree = "<group>"; };
		8881595A282B6E4500D8F145 /* TabBarViewController.swift */ = {isa = PBXFileReference; lastKnownFileType = sourcecode.swift; path = TabBarViewController.swift; sourceTree = "<group>"; };
		8881595C282B6E6F00D8F145 /* SearchViewController.swift */ = {isa = PBXFileReference; lastKnownFileType = sourcecode.swift; path = SearchViewController.swift; sourceTree = "<group>"; };
		8881595E282B6E8800D8F145 /* LibraryViewController.swift */ = {isa = PBXFileReference; lastKnownFileType = sourcecode.swift; path = LibraryViewController.swift; sourceTree = "<group>"; };
		88815962282B6F1700D8F145 /* AuthViewController.swift */ = {isa = PBXFileReference; lastKnownFileType = sourcecode.swift; path = AuthViewController.swift; sourceTree = "<group>"; };
		88815964282B737700D8F145 /* WelcomeViewController.swift */ = {isa = PBXFileReference; lastKnownFileType = sourcecode.swift; path = WelcomeViewController.swift; sourceTree = "<group>"; };
		88815966282B738C00D8F145 /* SettingsViewController.swift */ = {isa = PBXFileReference; lastKnownFileType = sourcecode.swift; path = SettingsViewController.swift; sourceTree = "<group>"; };
		88815968282B739A00D8F145 /* ProfileViewController.swift */ = {isa = PBXFileReference; lastKnownFileType = sourcecode.swift; path = ProfileViewController.swift; sourceTree = "<group>"; };
		8881596A282B73A700D8F145 /* PlayerViewController.swift */ = {isa = PBXFileReference; lastKnownFileType = sourcecode.swift; path = PlayerViewController.swift; sourceTree = "<group>"; };
		8881596C282B73B400D8F145 /* PlayListViewController.swift */ = {isa = PBXFileReference; lastKnownFileType = sourcecode.swift; path = PlayListViewController.swift; sourceTree = "<group>"; };
		8881596E282B73CC00D8F145 /* SearchResultViewController.swift */ = {isa = PBXFileReference; lastKnownFileType = sourcecode.swift; path = SearchResultViewController.swift; sourceTree = "<group>"; };
		88815970282B73E300D8F145 /* AuthManager.swift */ = {isa = PBXFileReference; lastKnownFileType = sourcecode.swift; path = AuthManager.swift; sourceTree = "<group>"; };
		88815972282B741300D8F145 /* APICaller.swift */ = {isa = PBXFileReference; lastKnownFileType = sourcecode.swift; path = APICaller.swift; sourceTree = "<group>"; };
		88815974282B742900D8F145 /* HapticsManager.swift */ = {isa = PBXFileReference; lastKnownFileType = sourcecode.swift; path = HapticsManager.swift; sourceTree = "<group>"; };
		88815976282B79E600D8F145 /* Playlist.swift */ = {isa = PBXFileReference; lastKnownFileType = sourcecode.swift; path = Playlist.swift; sourceTree = "<group>"; };
		88815978282B79F500D8F145 /* AudioTrack.swift */ = {isa = PBXFileReference; lastKnownFileType = sourcecode.swift; path = AudioTrack.swift; sourceTree = "<group>"; };
		8881597A282B7A0500D8F145 /* Artist.swift */ = {isa = PBXFileReference; lastKnownFileType = sourcecode.swift; path = Artist.swift; sourceTree = "<group>"; };
		8881597C282B7A1200D8F145 /* UserProfile.swift */ = {isa = PBXFileReference; lastKnownFileType = sourcecode.swift; path = UserProfile.swift; sourceTree = "<group>"; };
		8881597E282B8D2200D8F145 /* Extensions.swift */ = {isa = PBXFileReference; lastKnownFileType = sourcecode.swift; path = Extensions.swift; sourceTree = "<group>"; };
		8891CAA92853621A00DB9824 /* NewReleasesResponse.swift */ = {isa = PBXFileReference; lastKnownFileType = sourcecode.swift; path = NewReleasesResponse.swift; sourceTree = "<group>"; };
		8891CAAB2853652600DB9824 /* APIImage.swift */ = {isa = PBXFileReference; lastKnownFileType = sourcecode.swift; path = APIImage.swift; sourceTree = "<group>"; };
		8891CAAD28536BCB00DB9824 /* FeaturedPlaylistResponse.swift */ = {isa = PBXFileReference; lastKnownFileType = sourcecode.swift; path = FeaturedPlaylistResponse.swift; sourceTree = "<group>"; };
		8891CAAF285376BE00DB9824 /* RecommendedGenresResponse.swift */ = {isa = PBXFileReference; lastKnownFileType = sourcecode.swift; path = RecommendedGenresResponse.swift; sourceTree = "<group>"; };
		88AA9D54282B696400705C04 /* Spotify.app */ = {isa = PBXFileReference; explicitFileType = wrapper.application; includeInIndex = 0; path = Spotify.app; sourceTree = BUILT_PRODUCTS_DIR; };
		88AA9D57282B696400705C04 /* AppDelegate.swift */ = {isa = PBXFileReference; lastKnownFileType = sourcecode.swift; path = AppDelegate.swift; sourceTree = "<group>"; };
		88AA9D59282B696400705C04 /* SceneDelegate.swift */ = {isa = PBXFileReference; lastKnownFileType = sourcecode.swift; path = SceneDelegate.swift; sourceTree = "<group>"; };
		88AA9D5B282B696400705C04 /* HomeViewController.swift */ = {isa = PBXFileReference; lastKnownFileType = sourcecode.swift; path = HomeViewController.swift; sourceTree = "<group>"; };
		88AA9D60282B696B00705C04 /* Assets.xcassets */ = {isa = PBXFileReference; lastKnownFileType = folder.assetcatalog; path = Assets.xcassets; sourceTree = "<group>"; };
		88AA9D63282B696B00705C04 /* Base */ = {isa = PBXFileReference; lastKnownFileType = file.storyboard; name = Base; path = Base.lproj/LaunchScreen.storyboard; sourceTree = "<group>"; };
		88AA9D65282B696B00705C04 /* Info.plist */ = {isa = PBXFileReference; lastKnownFileType = text.plist.xml; path = Info.plist; sourceTree = "<group>"; };
		A28E80AB32282B669DFA039B /* Pods-Spotify.release.xcconfig */ = {isa = PBXFileReference; includeInIndex = 1; lastKnownFileType = text.xcconfig; name = "Pods-Spotify.release.xcconfig"; path = "Target Support Files/Pods-Spotify/Pods-Spotify.release.xcconfig"; sourceTree = "<group>"; };
		B81B66E41642E4331F1A3CE2 /* Pods-Spotify.debug.xcconfig */ = {isa = PBXFileReference; includeInIndex = 1; lastKnownFileType = text.xcconfig; name = "Pods-Spotify.debug.xcconfig"; path = "Target Support Files/Pods-Spotify/Pods-Spotify.debug.xcconfig"; sourceTree = "<group>"; };
/* End PBXFileReference section */

/* Begin PBXFrameworksBuildPhase section */
		88AA9D51282B696400705C04 /* Frameworks */ = {
			isa = PBXFrameworksBuildPhase;
			buildActionMask = 2147483647;
			files = (
				66D9D1507DF36AF7750ED084 /* Pods_Spotify.framework in Frameworks */,
			);
			runOnlyForDeploymentPostprocessing = 0;
		};
/* End PBXFrameworksBuildPhase section */

/* Begin PBXGroup section */
		27746671B1D29067BDE608EB /* Pods */ = {
			isa = PBXGroup;
			children = (
				B81B66E41642E4331F1A3CE2 /* Pods-Spotify.debug.xcconfig */,
				A28E80AB32282B669DFA039B /* Pods-Spotify.release.xcconfig */,
			);
			path = Pods;
			sourceTree = "<group>";
		};
		7F122E56EA371F10231C8FD6 /* Frameworks */ = {
			isa = PBXGroup;
			children = (
				4DA6A03CC9C2420CEF3860A3 /* Pods_Spotify.framework */,
			);
			name = Frameworks;
			sourceTree = "<group>";
		};
		8842E0402862879B005A8047 /* Browse */ = {
			isa = PBXGroup;
			children = (
				8842E041286287D2005A8047 /* NewReleaseCollectionViewCell.swift */,
				8842E0432862880D005A8047 /* FeaturedPlaylistCollectionViewCell.swift */,
				8842E04528628853005A8047 /* RecommendedTrackCollectionViewCell.swift */,
			);
			path = Browse;
			sourceTree = "<group>";
		};
		88815960282B6EF700D8F145 /* Core */ = {
			isa = PBXGroup;
			children = (
				88AA9D5B282B696400705C04 /* HomeViewController.swift */,
				8881595A282B6E4500D8F145 /* TabBarViewController.swift */,
				8881595C282B6E6F00D8F145 /* SearchViewController.swift */,
				8881595E282B6E8800D8F145 /* LibraryViewController.swift */,
			);
			path = Core;
			sourceTree = "<group>";
		};
		88815961282B6EFE00D8F145 /* Other */ = {
			isa = PBXGroup;
			children = (
				88815962282B6F1700D8F145 /* AuthViewController.swift */,
				88815964282B737700D8F145 /* WelcomeViewController.swift */,
				88815966282B738C00D8F145 /* SettingsViewController.swift */,
				88815968282B739A00D8F145 /* ProfileViewController.swift */,
				8881596A282B73A700D8F145 /* PlayerViewController.swift */,
				8881596C282B73B400D8F145 /* PlayListViewController.swift */,
				8881596E282B73CC00D8F145 /* SearchResultViewController.swift */,
			);
			path = Other;
			sourceTree = "<group>";
		};
		88AA9D4B282B696400705C04 = {
			isa = PBXGroup;
			children = (
				88AA9D56282B696400705C04 /* Spotify */,
				88AA9D55282B696400705C04 /* Products */,
				27746671B1D29067BDE608EB /* Pods */,
				7F122E56EA371F10231C8FD6 /* Frameworks */,
			);
			sourceTree = "<group>";
		};
		88AA9D55282B696400705C04 /* Products */ = {
			isa = PBXGroup;
			children = (
				88AA9D54282B696400705C04 /* Spotify.app */,
			);
			name = Products;
			sourceTree = "<group>";
		};
		88AA9D56282B696400705C04 /* Spotify */ = {
			isa = PBXGroup;
			children = (
				88AA9D70282B69E900705C04 /* Resources */,
				88AA9D6F282B69E300705C04 /* Managers */,
				88AA9D6E282B69DE00705C04 /* Controllers */,
				88AA9D6D282B69D400705C04 /* View Models */,
				88AA9D6C282B69D000705C04 /* Views */,
				88AA9D6B282B69CB00705C04 /* Models */,
				88AA9D65282B696B00705C04 /* Info.plist */,
			);
			path = Spotify;
			sourceTree = "<group>";
		};
		88AA9D6B282B69CB00705C04 /* Models */ = {
			isa = PBXGroup;
			children = (
				88815976282B79E600D8F145 /* Playlist.swift */,
				88815978282B79F500D8F145 /* AudioTrack.swift */,
				8881597A282B7A0500D8F145 /* Artist.swift */,
				8881597C282B7A1200D8F145 /* UserProfile.swift */,
				88266C6228500EE2001165B8 /* AuthRespones.swift */,
				88206BB528523327009DA602 /* SettingsModel.swift */,
				8891CAA92853621A00DB9824 /* NewReleasesResponse.swift */,
				8891CAAB2853652600DB9824 /* APIImage.swift */,
				8891CAAD28536BCB00DB9824 /* FeaturedPlaylistResponse.swift */,
				8891CAAF285376BE00DB9824 /* RecommendedGenresResponse.swift */,
				88794C9A285541E0002F689B /* RecommendationsResponse.swift */,
			);
			path = Models;
			sourceTree = "<group>";
		};
		88AA9D6C282B69D000705C04 /* Views */ = {
			isa = PBXGroup;
			children = (
				8842E0402862879B005A8047 /* Browse */,
				88AA9D62282B696B00705C04 /* LaunchScreen.storyboard */,
			);
			path = Views;
			sourceTree = "<group>";
		};
		88AA9D6D282B69D400705C04 /* View Models */ = {
			isa = PBXGroup;
			children = (
				88342AF628799A2F00BDB6CC /* NewReleasesCellViewModel.swift */,
			);
			path = "View Models";
			sourceTree = "<group>";
		};
		88AA9D6E282B69DE00705C04 /* Controllers */ = {
			isa = PBXGroup;
			children = (
				88815961282B6EFE00D8F145 /* Other */,
				88815960282B6EF700D8F145 /* Core */,
			);
			path = Controllers;
			sourceTree = "<group>";
		};
		88AA9D6F282B69E300705C04 /* Managers */ = {
			isa = PBXGroup;
			children = (
				88815970282B73E300D8F145 /* AuthManager.swift */,
				88815972282B741300D8F145 /* APICaller.swift */,
				88815974282B742900D8F145 /* HapticsManager.swift */,
			);
			path = Managers;
			sourceTree = "<group>";
		};
		88AA9D70282B69E900705C04 /* Resources */ = {
			isa = PBXGroup;
			children = (
				88AA9D60282B696B00705C04 /* Assets.xcassets */,
				88AA9D57282B696400705C04 /* AppDelegate.swift */,
				88AA9D59282B696400705C04 /* SceneDelegate.swift */,
				8881597E282B8D2200D8F145 /* Extensions.swift */,
			);
			path = Resources;
			sourceTree = "<group>";
		};
/* End PBXGroup section */

/* Begin PBXNativeTarget section */
		88AA9D53282B696400705C04 /* Spotify */ = {
			isa = PBXNativeTarget;
			buildConfigurationList = 88AA9D68282B696B00705C04 /* Build configuration list for PBXNativeTarget "Spotify" */;
			buildPhases = (
				77C0BE9007BD955038565CE4 /* [CP] Check Pods Manifest.lock */,
				88AA9D50282B696400705C04 /* Sources */,
				88AA9D51282B696400705C04 /* Frameworks */,
				88AA9D52282B696400705C04 /* Resources */,
				ABF2B9F05BFD79BA6433FF96 /* [CP] Embed Pods Frameworks */,
			);
			buildRules = (
			);
			dependencies = (
			);
			name = Spotify;
			productName = Spotify;
			productReference = 88AA9D54282B696400705C04 /* Spotify.app */;
			productType = "com.apple.product-type.application";
		};
/* End PBXNativeTarget section */

/* Begin PBXProject section */
		88AA9D4C282B696400705C04 /* Project object */ = {
			isa = PBXProject;
			attributes = {
				BuildIndependentTargetsInParallel = 1;
				LastSwiftUpdateCheck = 1330;
				LastUpgradeCheck = 1330;
				TargetAttributes = {
					88AA9D53282B696400705C04 = {
						CreatedOnToolsVersion = 13.3;
					};
				};
			};
			buildConfigurationList = 88AA9D4F282B696400705C04 /* Build configuration list for PBXProject "Spotify" */;
			compatibilityVersion = "Xcode 13.0";
			developmentRegion = en;
			hasScannedForEncodings = 0;
			knownRegions = (
				en,
				Base,
			);
			mainGroup = 88AA9D4B282B696400705C04;
			productRefGroup = 88AA9D55282B696400705C04 /* Products */;
			projectDirPath = "";
			projectRoot = "";
			targets = (
				88AA9D53282B696400705C04 /* Spotify */,
			);
		};
/* End PBXProject section */

/* Begin PBXResourcesBuildPhase section */
		88AA9D52282B696400705C04 /* Resources */ = {
			isa = PBXResourcesBuildPhase;
			buildActionMask = 2147483647;
			files = (
				88AA9D64282B696B00705C04 /* LaunchScreen.storyboard in Resources */,
				88AA9D61282B696B00705C04 /* Assets.xcassets in Resources */,
			);
			runOnlyForDeploymentPostprocessing = 0;
		};
/* End PBXResourcesBuildPhase section */

/* Begin PBXShellScriptBuildPhase section */
		77C0BE9007BD955038565CE4 /* [CP] Check Pods Manifest.lock */ = {
			isa = PBXShellScriptBuildPhase;
			buildActionMask = 2147483647;
			files = (
			);
			inputFileListPaths = (
			);
			inputPaths = (
				"${PODS_PODFILE_DIR_PATH}/Podfile.lock",
				"${PODS_ROOT}/Manifest.lock",
			);
			name = "[CP] Check Pods Manifest.lock";
			outputFileListPaths = (
			);
			outputPaths = (
				"$(DERIVED_FILE_DIR)/Pods-Spotify-checkManifestLockResult.txt",
			);
			runOnlyForDeploymentPostprocessing = 0;
			shellPath = /bin/sh;
			shellScript = "diff \"${PODS_PODFILE_DIR_PATH}/Podfile.lock\" \"${PODS_ROOT}/Manifest.lock\" > /dev/null\nif [ $? != 0 ] ; then\n    # print error to STDERR\n    echo \"error: The sandbox is not in sync with the Podfile.lock. Run 'pod install' or update your CocoaPods installation.\" >&2\n    exit 1\nfi\n# This output is used by Xcode 'outputs' to avoid re-running this script phase.\necho \"SUCCESS\" > \"${SCRIPT_OUTPUT_FILE_0}\"\n";
			showEnvVarsInLog = 0;
		};
		ABF2B9F05BFD79BA6433FF96 /* [CP] Embed Pods Frameworks */ = {
			isa = PBXShellScriptBuildPhase;
			buildActionMask = 2147483647;
			files = (
			);
			inputFileListPaths = (
				"${PODS_ROOT}/Target Support Files/Pods-Spotify/Pods-Spotify-frameworks-${CONFIGURATION}-input-files.xcfilelist",
			);
			name = "[CP] Embed Pods Frameworks";
			outputFileListPaths = (
				"${PODS_ROOT}/Target Support Files/Pods-Spotify/Pods-Spotify-frameworks-${CONFIGURATION}-output-files.xcfilelist",
			);
			runOnlyForDeploymentPostprocessing = 0;
			shellPath = /bin/sh;
			shellScript = "\"${PODS_ROOT}/Target Support Files/Pods-Spotify/Pods-Spotify-frameworks.sh\"\n";
			showEnvVarsInLog = 0;
		};
/* End PBXShellScriptBuildPhase section */

/* Begin PBXSourcesBuildPhase section */
		88AA9D50282B696400705C04 /* Sources */ = {
			isa = PBXSourcesBuildPhase;
			buildActionMask = 2147483647;
			files = (
				8881595D282B6E6F00D8F145 /* SearchViewController.swift in Sources */,
				88815977282B79E600D8F145 /* Playlist.swift in Sources */,
				88815971282B73E300D8F145 /* AuthManager.swift in Sources */,
				88342AF728799A2F00BDB6CC /* NewReleasesCellViewModel.swift in Sources */,
				88815965282B737700D8F145 /* WelcomeViewController.swift in Sources */,
				8891CAAE28536BCB00DB9824 /* FeaturedPlaylistResponse.swift in Sources */,
				8891CAAC2853652600DB9824 /* APIImage.swift in Sources */,
				88815969282B739A00D8F145 /* ProfileViewController.swift in Sources */,
				8881595B282B6E4500D8F145 /* TabBarViewController.swift in Sources */,
				8842E04628628853005A8047 /* RecommendedTrackCollectionViewCell.swift in Sources */,
				88AA9D5C282B696400705C04 /* HomeViewController.swift in Sources */,
				88815975282B742900D8F145 /* HapticsManager.swift in Sources */,
				88815979282B79F500D8F145 /* AudioTrack.swift in Sources */,
				88794C9B285541E0002F689B /* RecommendationsResponse.swift in Sources */,
				8891CAAA2853621A00DB9824 /* NewReleasesResponse.swift in Sources */,
				88815963282B6F1700D8F145 /* AuthViewController.swift in Sources */,
				8842E042286287D2005A8047 /* NewReleaseCollectionViewCell.swift in Sources */,
				88AA9D58282B696400705C04 /* AppDelegate.swift in Sources */,
				8842E0442862880D005A8047 /* FeaturedPlaylistCollectionViewCell.swift in Sources */,
				8881595F282B6E8800D8F145 /* LibraryViewController.swift in Sources */,
				88206BB628523327009DA602 /* SettingsModel.swift in Sources */,
				8881597D282B7A1200D8F145 /* UserProfile.swift in Sources */,
				8881597F282B8D2200D8F145 /* Extensions.swift in Sources */,
				88266C6328500EE2001165B8 /* AuthRespones.swift in Sources */,
				8881596D282B73B400D8F145 /* PlayListViewController.swift in Sources */,
				8881597B282B7A0500D8F145 /* Artist.swift in Sources */,
				88AA9D5A282B696400705C04 /* SceneDelegate.swift in Sources */,
				8881596B282B73A700D8F145 /* PlayerViewController.swift in Sources */,
				8881596F282B73CC00D8F145 /* SearchResultViewController.swift in Sources */,
				88815973282B741300D8F145 /* APICaller.swift in Sources */,
				88815967282B738C00D8F145 /* SettingsViewController.swift in Sources */,
				8891CAB0285376BE00DB9824 /* RecommendedGenresResponse.swift in Sources */,
			);
			runOnlyForDeploymentPostprocessing = 0;
		};
/* End PBXSourcesBuildPhase section */

/* Begin PBXVariantGroup section */
		88AA9D62282B696B00705C04 /* LaunchScreen.storyboard */ = {
			isa = PBXVariantGroup;
			children = (
				88AA9D63282B696B00705C04 /* Base */,
			);
			name = LaunchScreen.storyboard;
			sourceTree = "<group>";
		};
/* End PBXVariantGroup section */

/* Begin XCBuildConfiguration section */
		88AA9D66282B696B00705C04 /* Debug */ = {
			isa = XCBuildConfiguration;
			buildSettings = {
				ALWAYS_SEARCH_USER_PATHS = NO;
				CLANG_ANALYZER_NONNULL = YES;
				CLANG_ANALYZER_NUMBER_OBJECT_CONVERSION = YES_AGGRESSIVE;
				CLANG_CXX_LANGUAGE_STANDARD = "gnu++17";
				CLANG_ENABLE_MODULES = YES;
				CLANG_ENABLE_OBJC_ARC = YES;
				CLANG_ENABLE_OBJC_WEAK = YES;
				CLANG_WARN_BLOCK_CAPTURE_AUTORELEASING = YES;
				CLANG_WARN_BOOL_CONVERSION = YES;
				CLANG_WARN_COMMA = YES;
				CLANG_WARN_CONSTANT_CONVERSION = YES;
				CLANG_WARN_DEPRECATED_OBJC_IMPLEMENTATIONS = YES;
				CLANG_WARN_DIRECT_OBJC_ISA_USAGE = YES_ERROR;
				CLANG_WARN_DOCUMENTATION_COMMENTS = YES;
				CLANG_WARN_EMPTY_BODY = YES;
				CLANG_WARN_ENUM_CONVERSION = YES;
				CLANG_WARN_INFINITE_RECURSION = YES;
				CLANG_WARN_INT_CONVERSION = YES;
				CLANG_WARN_NON_LITERAL_NULL_CONVERSION = YES;
				CLANG_WARN_OBJC_IMPLICIT_RETAIN_SELF = YES;
				CLANG_WARN_OBJC_LITERAL_CONVERSION = YES;
				CLANG_WARN_OBJC_ROOT_CLASS = YES_ERROR;
				CLANG_WARN_QUOTED_INCLUDE_IN_FRAMEWORK_HEADER = YES;
				CLANG_WARN_RANGE_LOOP_ANALYSIS = YES;
				CLANG_WARN_STRICT_PROTOTYPES = YES;
				CLANG_WARN_SUSPICIOUS_MOVE = YES;
				CLANG_WARN_UNGUARDED_AVAILABILITY = YES_AGGRESSIVE;
				CLANG_WARN_UNREACHABLE_CODE = YES;
				CLANG_WARN__DUPLICATE_METHOD_MATCH = YES;
				COPY_PHASE_STRIP = NO;
				DEBUG_INFORMATION_FORMAT = dwarf;
				ENABLE_STRICT_OBJC_MSGSEND = YES;
				ENABLE_TESTABILITY = YES;
				GCC_C_LANGUAGE_STANDARD = gnu11;
				GCC_DYNAMIC_NO_PIC = NO;
				GCC_NO_COMMON_BLOCKS = YES;
				GCC_OPTIMIZATION_LEVEL = 0;
				GCC_PREPROCESSOR_DEFINITIONS = (
					"DEBUG=1",
					"$(inherited)",
				);
				GCC_WARN_64_TO_32_BIT_CONVERSION = YES;
				GCC_WARN_ABOUT_RETURN_TYPE = YES_ERROR;
				GCC_WARN_UNDECLARED_SELECTOR = YES;
				GCC_WARN_UNINITIALIZED_AUTOS = YES_AGGRESSIVE;
				GCC_WARN_UNUSED_FUNCTION = YES;
				GCC_WARN_UNUSED_VARIABLE = YES;
				IPHONEOS_DEPLOYMENT_TARGET = 15.4;
				MTL_ENABLE_DEBUG_INFO = INCLUDE_SOURCE;
				MTL_FAST_MATH = YES;
				ONLY_ACTIVE_ARCH = YES;
				SDKROOT = iphoneos;
				SWIFT_ACTIVE_COMPILATION_CONDITIONS = DEBUG;
				SWIFT_OPTIMIZATION_LEVEL = "-Onone";
			};
			name = Debug;
		};
		88AA9D67282B696B00705C04 /* Release */ = {
			isa = XCBuildConfiguration;
			buildSettings = {
				ALWAYS_SEARCH_USER_PATHS = NO;
				CLANG_ANALYZER_NONNULL = YES;
				CLANG_ANALYZER_NUMBER_OBJECT_CONVERSION = YES_AGGRESSIVE;
				CLANG_CXX_LANGUAGE_STANDARD = "gnu++17";
				CLANG_ENABLE_MODULES = YES;
				CLANG_ENABLE_OBJC_ARC = YES;
				CLANG_ENABLE_OBJC_WEAK = YES;
				CLANG_WARN_BLOCK_CAPTURE_AUTORELEASING = YES;
				CLANG_WARN_BOOL_CONVERSION = YES;
				CLANG_WARN_COMMA = YES;
				CLANG_WARN_CONSTANT_CONVERSION = YES;
				CLANG_WARN_DEPRECATED_OBJC_IMPLEMENTATIONS = YES;
				CLANG_WARN_DIRECT_OBJC_ISA_USAGE = YES_ERROR;
				CLANG_WARN_DOCUMENTATION_COMMENTS = YES;
				CLANG_WARN_EMPTY_BODY = YES;
				CLANG_WARN_ENUM_CONVERSION = YES;
				CLANG_WARN_INFINITE_RECURSION = YES;
				CLANG_WARN_INT_CONVERSION = YES;
				CLANG_WARN_NON_LITERAL_NULL_CONVERSION = YES;
				CLANG_WARN_OBJC_IMPLICIT_RETAIN_SELF = YES;
				CLANG_WARN_OBJC_LITERAL_CONVERSION = YES;
				CLANG_WARN_OBJC_ROOT_CLASS = YES_ERROR;
				CLANG_WARN_QUOTED_INCLUDE_IN_FRAMEWORK_HEADER = YES;
				CLANG_WARN_RANGE_LOOP_ANALYSIS = YES;
				CLANG_WARN_STRICT_PROTOTYPES = YES;
				CLANG_WARN_SUSPICIOUS_MOVE = YES;
				CLANG_WARN_UNGUARDED_AVAILABILITY = YES_AGGRESSIVE;
				CLANG_WARN_UNREACHABLE_CODE = YES;
				CLANG_WARN__DUPLICATE_METHOD_MATCH = YES;
				COPY_PHASE_STRIP = NO;
				DEBUG_INFORMATION_FORMAT = "dwarf-with-dsym";
				ENABLE_NS_ASSERTIONS = NO;
				ENABLE_STRICT_OBJC_MSGSEND = YES;
				GCC_C_LANGUAGE_STANDARD = gnu11;
				GCC_NO_COMMON_BLOCKS = YES;
				GCC_WARN_64_TO_32_BIT_CONVERSION = YES;
				GCC_WARN_ABOUT_RETURN_TYPE = YES_ERROR;
				GCC_WARN_UNDECLARED_SELECTOR = YES;
				GCC_WARN_UNINITIALIZED_AUTOS = YES_AGGRESSIVE;
				GCC_WARN_UNUSED_FUNCTION = YES;
				GCC_WARN_UNUSED_VARIABLE = YES;
				IPHONEOS_DEPLOYMENT_TARGET = 15.4;
				MTL_ENABLE_DEBUG_INFO = NO;
				MTL_FAST_MATH = YES;
				SDKROOT = iphoneos;
				SWIFT_COMPILATION_MODE = wholemodule;
				SWIFT_OPTIMIZATION_LEVEL = "-O";
				VALIDATE_PRODUCT = YES;
			};
			name = Release;
		};
		88AA9D69282B696B00705C04 /* Debug */ = {
			isa = XCBuildConfiguration;
			baseConfigurationReference = B81B66E41642E4331F1A3CE2 /* Pods-Spotify.debug.xcconfig */;
			buildSettings = {
				ASSETCATALOG_COMPILER_APPICON_NAME = AppIcon;
				ASSETCATALOG_COMPILER_GLOBAL_ACCENT_COLOR_NAME = AccentColor;
				CODE_SIGN_STYLE = Automatic;
				CURRENT_PROJECT_VERSION = 1;
				GENERATE_INFOPLIST_FILE = YES;
				INFOPLIST_FILE = Spotify/Info.plist;
				INFOPLIST_KEY_UIApplicationSupportsIndirectInputEvents = YES;
				INFOPLIST_KEY_UILaunchStoryboardName = LaunchScreen;
				INFOPLIST_KEY_UIMainStoryboardFile = LaunchScreen;
				INFOPLIST_KEY_UISupportedInterfaceOrientations_iPad = "UIInterfaceOrientationPortrait UIInterfaceOrientationPortraitUpsideDown UIInterfaceOrientationLandscapeLeft UIInterfaceOrientationLandscapeRight";
				INFOPLIST_KEY_UISupportedInterfaceOrientations_iPhone = "UIInterfaceOrientationPortrait UIInterfaceOrientationLandscapeLeft UIInterfaceOrientationLandscapeRight";
				LD_RUNPATH_SEARCH_PATHS = (
					"$(inherited)",
					"@executable_path/Frameworks",
				);
				MARKETING_VERSION = 1.0;
				PRODUCT_BUNDLE_IDENTIFIER = com.spotify.test.Spotify;
				PRODUCT_NAME = "$(TARGET_NAME)";
				SWIFT_EMIT_LOC_STRINGS = YES;
				SWIFT_VERSION = 5.0;
				TARGETED_DEVICE_FAMILY = "1,2";
			};
			name = Debug;
		};
		88AA9D6A282B696B00705C04 /* Release */ = {
			isa = XCBuildConfiguration;
			baseConfigurationReference = A28E80AB32282B669DFA039B /* Pods-Spotify.release.xcconfig */;
			buildSettings = {
				ASSETCATALOG_COMPILER_APPICON_NAME = AppIcon;
				ASSETCATALOG_COMPILER_GLOBAL_ACCENT_COLOR_NAME = AccentColor;
				CODE_SIGN_STYLE = Automatic;
				CURRENT_PROJECT_VERSION = 1;
				GENERATE_INFOPLIST_FILE = YES;
				INFOPLIST_FILE = Spotify/Info.plist;
				INFOPLIST_KEY_UIApplicationSupportsIndirectInputEvents = YES;
				INFOPLIST_KEY_UILaunchStoryboardName = LaunchScreen;
				INFOPLIST_KEY_UIMainStoryboardFile = LaunchScreen;
				INFOPLIST_KEY_UISupportedInterfaceOrientations_iPad = "UIInterfaceOrientationPortrait UIInterfaceOrientationPortraitUpsideDown UIInterfaceOrientationLandscapeLeft UIInterfaceOrientationLandscapeRight";
				INFOPLIST_KEY_UISupportedInterfaceOrientations_iPhone = "UIInterfaceOrientationPortrait UIInterfaceOrientationLandscapeLeft UIInterfaceOrientationLandscapeRight";
				LD_RUNPATH_SEARCH_PATHS = (
					"$(inherited)",
					"@executable_path/Frameworks",
				);
				MARKETING_VERSION = 1.0;
				PRODUCT_BUNDLE_IDENTIFIER = com.spotify.test.Spotify;
				PRODUCT_NAME = "$(TARGET_NAME)";
				SWIFT_EMIT_LOC_STRINGS = YES;
				SWIFT_VERSION = 5.0;
				TARGETED_DEVICE_FAMILY = "1,2";
			};
			name = Release;
		};
/* End XCBuildConfiguration section */

/* Begin XCConfigurationList section */
		88AA9D4F282B696400705C04 /* Build configuration list for PBXProject "Spotify" */ = {
			isa = XCConfigurationList;
			buildConfigurations = (
				88AA9D66282B696B00705C04 /* Debug */,
				88AA9D67282B696B00705C04 /* Release */,
			);
			defaultConfigurationIsVisible = 0;
			defaultConfigurationName = Release;
		};
		88AA9D68282B696B00705C04 /* Build configuration list for PBXNativeTarget "Spotify" */ = {
			isa = XCConfigurationList;
			buildConfigurations = (
				88AA9D69282B696B00705C04 /* Debug */,
				88AA9D6A282B696B00705C04 /* Release */,
			);
			defaultConfigurationIsVisible = 0;
			defaultConfigurationName = Release;
		};
/* End XCConfigurationList section */
	};
	rootObject = 88AA9D4C282B696400705C04 /* Project object */;
}
